
Microsoft Visual Studio Solution File, Format Version 12.00
# Visual Studio Version 17
VisualStudioVersion = 17.3.32825.248
MinimumVisualStudioVersion = 10.0.40219.1
Project("{FAE04EC0-301F-11D3-BF4B-00C04F79EFBC}") = "Midterm", "Midterm\Midterm.csproj", "{C0ED411E-C0CE-409A-8818-B60B5ECB1DCF}"
EndProject
Global
	GlobalSection(SolutionConfigurationPlatforms) = preSolution
		Debug|Any CPU = Debug|Any CPU
		Release|Any CPU = Release|Any CPU
	EndGlobalSection
	GlobalSection(ProjectConfigurationPlatforms) = postSolution
		{C0ED411E-C0CE-409A-8818-B60B5ECB1DCF}.Debug|Any CPU.ActiveCfg = Debug|Any CPU
		{C0ED411E-C0CE-409A-8818-B60B5ECB1DCF}.Debug|Any CPU.Build.0 = Debug|Any CPU
		{C0ED411E-C0CE-409A-8818-B60B5ECB1DCF}.Release|Any CPU.ActiveCfg = Release|Any CPU
		{C0ED411E-C0CE-409A-8818-B60B5ECB1DCF}.Release|Any CPU.Build.0 = Release|Any CPU
	EndGlobalSection
	GlobalSection(SolutionProperties) = preSolution
		HideSolutionNode = FALSE
	EndGlobalSection
	GlobalSection(ExtensibilityGlobals) = postSolution
		SolutionGuid = {17E36767-FD59-43F6-8B44-021CF69AF970}
	EndGlobalSection
EndGlobal
